
Microsoft Visual Studio Solution File, Format Version 12.00
# Visual Studio Version 17
VisualStudioVersion = 17.5.33627.172
MinimumVisualStudioVersion = 10.0.40219.1
Project("{FAE04EC0-301F-11D3-BF4B-00C04F79EFBC}") = "Delegates", "Delegates\Delegates.csproj", "{77767D44-DB28-4A1D-8B26-E3A6ED3B657B}"
EndProject
Global
	GlobalSection(SolutionConfigurationPlatforms) = preSolution
		Debug|Any CPU = Debug|Any CPU
		Release|Any CPU = Release|Any CPU
	EndGlobalSection
	GlobalSection(ProjectConfigurationPlatforms) = postSolution
		{77767D44-DB28-4A1D-8B26-E3A6ED3B657B}.Debug|Any CPU.ActiveCfg = Debug|Any CPU
		{77767D44-DB28-4A1D-8B26-E3A6ED3B657B}.Debug|Any CPU.Build.0 = Debug|Any CPU
		{77767D44-DB28-4A1D-8B26-E3A6ED3B657B}.Release|Any CPU.ActiveCfg = Release|Any CPU
		{77767D44-DB28-4A1D-8B26-E3A6ED3B657B}.Release|Any CPU.Build.0 = Release|Any CPU
	EndGlobalSection
	GlobalSection(SolutionProperties) = preSolution
		HideSolutionNode = FALSE
	EndGlobalSection
	GlobalSection(ExtensibilityGlobals) = postSolution
		SolutionGuid = {3A029D1F-20DF-470F-A7FA-5CB9805C162C}
	EndGlobalSection
EndGlobal
